{
  "lockfileVersion": 1,
  "workspaces": {
    "": {
      "name": "xmtp-bot",
      "dependencies": {
        "@xmtp/content-type-reaction": "^2.0.2",
        "@xmtp/node-bindings": "^1.3.0",
        "@xmtp/node-sdk": "^4.0.0",
        "@xmtp/proto": "^3.85.0",
        "common-tags": "^1.8.2",
        "dotenv": "^17.0.1",
        "onit-markets": "^0.1.5",
        "superjson": "^2.2.2",
        "wretch": "^2.11.0",
        "zod": "^3.25.55",
      },
      "devDependencies": {
        "@types/bun": "latest",
        "@types/common-tags": "^1.8.4",
      },
      "peerDependencies": {
        "typescript": "^5",
        "viem": "^2.30.6",
      },
    },
  },
  "packages": {
    "@adraffy/ens-normalize": ["@adraffy/ens-normalize@1.11.0", "", {}, "sha512-/3DDPKHqqIqxUULp8yP4zODUY1i+2xvVWsv8A79xGWdCAG+8sb0hRh0Rk2QyOJUnnbyPUAZYcpBuRe3nS2OIUg=="],

    "@fastify/busboy": ["@fastify/busboy@2.1.1", "", {}, "sha512-vBZP4NlzfOlerQTnba4aqZoMhE/a9HY7HRqoOPaETQcSQuWEIyZMHGfVu6w9wGtGK5fED5qRs2DteVCjOH60sA=="],

    "@hono/client": ["@hono/client@0.0.3", "", {}, "sha512-1TrYdppLelv39uCqevePjKUeyf4AoKYWQ+/qfNtRzY8OPBur78XA1Gtv3Pi08uXT6GOuQN5fi3IFUwMsxnEhcQ=="],

    "@noble/ciphers": ["@noble/ciphers@1.3.0", "", {}, "sha512-2I0gnIVPtfnMw9ee9h1dJG7tp81+8Ob3OJb3Mv37rx5L40/b0i7djjCVvGOVqc9AEIQyvyu1i6ypKdFw8R8gQw=="],

    "@noble/curves": ["@noble/curves@1.9.2", "", { "dependencies": { "@noble/hashes": "1.8.0" } }, "sha512-HxngEd2XUcg9xi20JkwlLCtYwfoFw4JGkuZpT+WlsPD4gB/cxkvTD8fSsoAnphGZhFdZYKeQIPCuFlWPm1uE0g=="],

    "@noble/hashes": ["@noble/hashes@1.8.0", "", {}, "sha512-jCs9ldd7NwzpgXDIf6P3+NrHh9/sD6CQdxHyjQI+h/6rDNo88ypBxxz45UDuZHz9r3tNz7N/VInSVoVdtXEI4A=="],

    "@protobufjs/aspromise": ["@protobufjs/aspromise@1.1.2", "", {}, "sha512-j+gKExEuLmKwvz3OgROXtrJ2UG2x8Ch2YZUxahh+s1F2HZ+wAceUNLkvy6zKCPVRkU++ZWQrdxsUeQXmcg4uoQ=="],

    "@protobufjs/base64": ["@protobufjs/base64@1.1.2", "", {}, "sha512-AZkcAA5vnN/v4PDqKyMR5lx7hZttPDgClv83E//FMNhR2TMcLUhfRUBHCmSl0oi9zMgDDqRUJkSxO3wm85+XLg=="],

    "@protobufjs/codegen": ["@protobufjs/codegen@2.0.4", "", {}, "sha512-YyFaikqM5sH0ziFZCN3xDC7zeGaB/d0IUb9CATugHWbd1FRFwWwt4ld4OYMPWu5a3Xe01mGAULCdqhMlPl29Jg=="],

    "@protobufjs/eventemitter": ["@protobufjs/eventemitter@1.1.0", "", {}, "sha512-j9ednRT81vYJ9OfVuXG6ERSTdEL1xVsNgqpkxMsbIabzSo3goCjDIveeGv5d03om39ML71RdmrGNjG5SReBP/Q=="],

    "@protobufjs/fetch": ["@protobufjs/fetch@1.1.0", "", { "dependencies": { "@protobufjs/aspromise": "^1.1.1", "@protobufjs/inquire": "^1.1.0" } }, "sha512-lljVXpqXebpsijW71PZaCYeIcE5on1w5DlQy5WH6GLbFryLUrBD4932W/E2BSpfRJWseIL4v/KPgBFxDOIdKpQ=="],

    "@protobufjs/float": ["@protobufjs/float@1.0.2", "", {}, "sha512-Ddb+kVXlXst9d+R9PfTIxh1EdNkgoRe5tOX6t01f1lYWOvJnSPDBlG241QLzcyPdoNTsblLUdujGSE4RzrTZGQ=="],

    "@protobufjs/inquire": ["@protobufjs/inquire@1.1.0", "", {}, "sha512-kdSefcPdruJiFMVSbn801t4vFK7KB/5gd2fYvrxhuJYg8ILrmn9SKSX2tZdV6V+ksulWqS7aXjBcRXl3wHoD9Q=="],

    "@protobufjs/path": ["@protobufjs/path@1.1.2", "", {}, "sha512-6JOcJ5Tm08dOHAbdR3GrvP+yUUfkjG5ePsHYczMFLq3ZmMkAD98cDgcT2iA1lJ9NVwFd4tH/iSSoe44YWkltEA=="],

    "@protobufjs/pool": ["@protobufjs/pool@1.1.0", "", {}, "sha512-0kELaGSIDBKvcgS4zkjz1PeddatrjYcmMWOlAuAPwAeccUrPHdUqo/J6LiymHHEiJT5NrF1UVwxY14f+fy4WQw=="],

    "@protobufjs/utf8": ["@protobufjs/utf8@1.1.0", "", {}, "sha512-Vvn3zZrhQZkkBE8LSuW3em98c0FwgO4nxzv6OdSxPKJIEKY2bGbHn+mhGIPerzI4twdxaP8/0+06HBpwf345Lw=="],

    "@scure/base": ["@scure/base@1.2.6", "", {}, "sha512-g/nm5FgUa//MCj1gV09zTJTaM6KBAHqLN907YVQqf7zC49+DcO4B1so4ZX07Ef10Twr6nuqYEH9GEggFXA4Fmg=="],

    "@scure/bip32": ["@scure/bip32@1.7.0", "", { "dependencies": { "@noble/curves": "~1.9.0", "@noble/hashes": "~1.8.0", "@scure/base": "~1.2.5" } }, "sha512-E4FFX/N3f4B80AKWp5dP6ow+flD1LQZo/w8UnLGYZO674jS6YnYeepycOOksv+vLPSpgN35wgKgy+ybfTb2SMw=="],

    "@scure/bip39": ["@scure/bip39@1.6.0", "", { "dependencies": { "@noble/hashes": "~1.8.0", "@scure/base": "~1.2.5" } }, "sha512-+lF0BbLiJNwVlev4eKelw1WWLaiKXw7sSl8T6FvBlWkdX+94aGJ4o8XjUdlyhTCjd8c+B3KT3JfS8P0bLRNU6A=="],

    "@types/bun": ["@types/bun@1.2.19", "", { "dependencies": { "bun-types": "1.2.19" } }, "sha512-d9ZCmrH3CJ2uYKXQIUuZ/pUnTqIvLDS0SK7pFmbx8ma+ziH/FRMoAq5bYpRG7y+w1gl+HgyNZbtqgMq4W4e2Lg=="],

    "@types/common-tags": ["@types/common-tags@1.8.4", "", {}, "sha512-S+1hLDJPjWNDhcGxsxEbepzaxWqURP/o+3cP4aa2w7yBXgdcmKGQtZzP8JbyfOd0m+33nh+8+kvxYE2UJtBDkg=="],

    "@types/node": ["@types/node@24.1.0", "", { "dependencies": { "undici-types": "~7.8.0" } }, "sha512-ut5FthK5moxFKH2T1CUOC6ctR67rQRvvHdFLCD2Ql6KXmMuCrjsSsRI9UsLCm9M18BMwClv4pn327UvB7eeO1w=="],

    "@types/react": ["@types/react@19.1.9", "", { "dependencies": { "csstype": "^3.0.2" } }, "sha512-WmdoynAX8Stew/36uTSVMcLJJ1KRh6L3IZRx1PZ7qJtBqT3dYTgyDTx8H1qoRghErydW7xw9mSJ3wS//tCRpFA=="],

    "@xmtp/content-type-group-updated": ["@xmtp/content-type-group-updated@2.0.2", "", { "dependencies": { "@xmtp/content-type-primitives": "^2.0.2", "@xmtp/proto": "^3.78.0" } }, "sha512-ZUGLtzWALo5jimk5hYBVXjbdaKT6zP6a9wK0Urzl9H+Xv2w+H3fYDhwAidU0PXTcLL81qlUM6joxKVlsF5udvA=="],

    "@xmtp/content-type-primitives": ["@xmtp/content-type-primitives@2.0.2", "", { "dependencies": { "@xmtp/proto": "^3.78.0" } }, "sha512-OTUsCD48sO2Eg69dfre32OSnXSkmefbSZA4L0S58LqYK6+hMymFRRjEH4fvPzXc9WCw5FmCYEG7DFAaB680HiQ=="],

    "@xmtp/content-type-reaction": ["@xmtp/content-type-reaction@2.0.2", "", { "dependencies": { "@xmtp/content-type-primitives": "^2.0.2" } }, "sha512-v7wGMycSsUi8NyLR+ytjDhNY4Nr4p8qNwKx8LZPlA8IwLacq2Bp2vKxlOAnGX7m5XP9ivpBNNZvkpR5Limvz1g=="],

    "@xmtp/content-type-text": ["@xmtp/content-type-text@2.0.2", "", { "dependencies": { "@xmtp/content-type-primitives": "^2.0.2" } }, "sha512-nlRufOYPrG5sNbruNPCsb6Qk9/jmJ5lMooPsZEo4Dbwda/2S4bSvrrIncT6if7M2SCha3hxtlgJlFGeTtHy4gQ=="],

    "@xmtp/node-bindings": ["@xmtp/node-bindings@1.3.4", "", {}, "sha512-kGU6EfafZakCAZTxNoKacxFP5OdjDnzYcxc9KwMhfAuu3txDiNz49NBbwRqXwYeV0bTmvHCUe71g5AJ5vWcZwg=="],

    "@xmtp/node-sdk": ["@xmtp/node-sdk@4.0.1", "", { "dependencies": { "@xmtp/content-type-group-updated": "^2.0.2", "@xmtp/content-type-primitives": "^2.0.2", "@xmtp/content-type-text": "^2.0.2", "@xmtp/node-bindings": "1.3.4" } }, "sha512-TX0sJrtgKBVN0l4JlkGZoH2tw8gnxQyRzgoZfx84CbIgIyxKeeDjl4xocn+sBUpwna30E4ihNLph1QOhqFdMGg=="],

    "@xmtp/proto": ["@xmtp/proto@3.86.0", "", { "dependencies": { "long": "^5.2.0", "protobufjs": "^7.0.0", "rxjs": "^7.8.0", "undici": "^5.8.1" } }, "sha512-prwmmQNz+qIf36nTCDOZsyo6S9cMnVRpj5P0UYwrpSSsvRpeN+Lt9ZNugL2egtCCqZUZf8cYamNhtO6kPqIq9g=="],

    "abitype": ["abitype@1.0.8", "", { "peerDependencies": { "typescript": ">=5.0.4", "zod": "^3 >=3.22.0" }, "optionalPeers": ["typescript", "zod"] }, "sha512-ZeiI6h3GnW06uYDLx0etQtX/p8E24UaHHBj57RSjK7YBFe7iuVn07EDpOeP451D06sF27VOz9JJPlIKJmXgkEg=="],

    "bun-types": ["bun-types@1.2.19", "", { "dependencies": { "@types/node": "*" }, "peerDependencies": { "@types/react": "^19" } }, "sha512-uAOTaZSPuYsWIXRpj7o56Let0g/wjihKCkeRqUBhlLVM/Bt+Fj9xTo+LhC1OV1XDaGkz4hNC80et5xgy+9KTHQ=="],

    "common-tags": ["common-tags@1.8.2", "", {}, "sha512-gk/Z852D2Wtb//0I+kRFNKKE9dIIVirjoqPoA1wJU+XePVXZfGeBpk45+A1rKO4Q43prqWBNY/MiIeRLbPWUaA=="],

    "copy-anything": ["copy-anything@3.0.5", "", { "dependencies": { "is-what": "^4.1.8" } }, "sha512-yCEafptTtb4bk7GLEQoM8KVJpxAfdBJYaXyzQEgQQQgYrZiDp8SJmGKlYza6CYjEDNstAdNdKA3UuoULlEbS6w=="],

    "csstype": ["csstype@3.1.3", "", {}, "sha512-M1uQkMl8rQK/szD0LNhtqxIPLpimGm8sOBwU7lLnCpSbTyY3yeU1Vc7l4KT5zT4s/yOxHH5O7tIuuLOCnLADRw=="],

    "dotenv": ["dotenv@17.2.1", "", {}, "sha512-kQhDYKZecqnM0fCnzI5eIv5L4cAe/iRI+HqMbO/hbRdTAeXDG+M9FjipUxNfbARuEg4iHIbhnhs78BCHNbSxEQ=="],

    "eventemitter3": ["eventemitter3@5.0.1", "", {}, "sha512-GWkBvjiSZK87ELrYOSESUYeVIc9mvLLf/nXalMOS5dYrgZq9o5OVkbZAVM06CVxYsCwH9BDZFPlQTlPA1j4ahA=="],

    "is-what": ["is-what@4.1.16", "", {}, "sha512-ZhMwEosbFJkA0YhFnNDgTM4ZxDRsS6HqTo7qsZM08fehyRYIYa0yHu5R6mgo1n/8MgaPBXiPimPD77baVFYg+A=="],

    "isows": ["isows@1.0.7", "", { "peerDependencies": { "ws": "*" } }, "sha512-I1fSfDCZL5P0v33sVqeTDSpcstAg/N+wF5HS033mogOVIp4B+oHC7oOCsA3axAbBSGTJ8QubbNmnIRN/h8U7hg=="],

    "long": ["long@5.3.2", "", {}, "sha512-mNAgZ1GmyNhD7AuqnTG3/VQ26o760+ZYBPKjPvugO8+nLbYfX6TVpJPseBvopbdY+qpZ/lKUnmEc1LeZYS3QAA=="],

    "onit-markets": ["onit-markets@0.1.5", "", { "dependencies": { "@hono/client": "0.0.3", "superjson": "2.2.2" }, "peerDependencies": { "zod": ">3" }, "bin": { "client": "dist/index.js" } }, "sha512-H44i60pxy4U/KdO89EpXVyfZxK6AfWqxDp/nuo/9uAbMw/AeqwX7AdqQba40ugUBTqnvhSRlq7TCNUSSmJ/WJQ=="],

    "ox": ["ox@0.8.6", "", { "dependencies": { "@adraffy/ens-normalize": "^1.11.0", "@noble/ciphers": "^1.3.0", "@noble/curves": "^1.9.1", "@noble/hashes": "^1.8.0", "@scure/bip32": "^1.7.0", "@scure/bip39": "^1.6.0", "abitype": "^1.0.8", "eventemitter3": "5.0.1" }, "peerDependencies": { "typescript": ">=5.4.0" }, "optionalPeers": ["typescript"] }, "sha512-eiKcgiVVEGDtEpEdFi1EGoVVI48j6icXHce9nFwCNM7CKG3uoCXKdr4TPhS00Iy1TR2aWSF1ltPD0x/YgqIL9w=="],

    "protobufjs": ["protobufjs@7.5.3", "", { "dependencies": { "@protobufjs/aspromise": "^1.1.2", "@protobufjs/base64": "^1.1.2", "@protobufjs/codegen": "^2.0.4", "@protobufjs/eventemitter": "^1.1.0", "@protobufjs/fetch": "^1.1.0", "@protobufjs/float": "^1.0.2", "@protobufjs/inquire": "^1.1.0", "@protobufjs/path": "^1.1.2", "@protobufjs/pool": "^1.1.0", "@protobufjs/utf8": "^1.1.0", "@types/node": ">=13.7.0", "long": "^5.0.0" } }, "sha512-sildjKwVqOI2kmFDiXQ6aEB0fjYTafpEvIBs8tOR8qI4spuL9OPROLVu2qZqi/xgCfsHIwVqlaF8JBjWFHnKbw=="],

    "rxjs": ["rxjs@7.8.2", "", { "dependencies": { "tslib": "^2.1.0" } }, "sha512-dhKf903U/PQZY6boNNtAGdWbG85WAbjT/1xYoZIC7FAY0yWapOBQVsVrDl58W86//e1VpMNBtRV4MaXfdMySFA=="],

    "superjson": ["superjson@2.2.2", "", { "dependencies": { "copy-anything": "^3.0.2" } }, "sha512-5JRxVqC8I8NuOUjzBbvVJAKNM8qoVuH0O77h4WInc/qC2q5IreqKxYwgkga3PfA22OayK2ikceb/B26dztPl+Q=="],

    "tslib": ["tslib@2.8.1", "", {}, "sha512-oJFu94HQb+KVduSUQL7wnpmqnfmLsOA/nAh6b6EH0wCEoK0/mPeXU6c3wKDV83MkOuHPRHtSXKKU99IBazS/2w=="],

    "typescript": ["typescript@5.9.2", "", { "bin": { "tsc": "bin/tsc", "tsserver": "bin/tsserver" } }, "sha512-CWBzXQrc/qOkhidw1OzBTQuYRbfyxDXJMVJ1XNwUHGROVmuaeiEm3OslpZ1RV96d7SKKjZKrSJu3+t/xlw3R9A=="],

    "undici": ["undici@5.29.0", "", { "dependencies": { "@fastify/busboy": "^2.0.0" } }, "sha512-raqeBD6NQK4SkWhQzeYKd1KmIG6dllBOTt55Rmkt4HtI9mwdWtJljnrXjAFUBLTSN67HWrOIZ3EPF4kjUw80Bg=="],

    "undici-types": ["undici-types@7.8.0", "", {}, "sha512-9UJ2xGDvQ43tYyVMpuHlsgApydB8ZKfVYTsLDhXkFL/6gfkp+U8xTGdh8pMJv1SpZna0zxG1DwsKZsreLbXBxw=="],

    "viem": ["viem@2.33.2", "", { "dependencies": { "@noble/curves": "1.9.2", "@noble/hashes": "1.8.0", "@scure/bip32": "1.7.0", "@scure/bip39": "1.6.0", "abitype": "1.0.8", "isows": "1.0.7", "ox": "0.8.6", "ws": "8.18.2" }, "peerDependencies": { "typescript": ">=5.0.4" }, "optionalPeers": ["typescript"] }, "sha512-/720OaM4dHWs8vXwNpyet+PRERhPaW+n/1UVSCzyb9jkmwwVfaiy/R6YfCFb4v+XXbo8s3Fapa3DM5yCRSkulA=="],

    "wretch": ["wretch@2.11.0", "", {}, "sha512-zbFW4PnPSS5RFQabHRkCAcMQjmFGrEQLcJwYe4YGXL9KWXneu03Dtaz2JUeqEkOwNDMjdfHEHPL+AIZJwE+y1g=="],

    "ws": ["ws@8.18.2", "", { "peerDependencies": { "bufferutil": "^4.0.1", "utf-8-validate": ">=5.0.2" }, "optionalPeers": ["bufferutil", "utf-8-validate"] }, "sha512-DMricUmwGZUVr++AEAe2uiVM7UoO9MAVZMDu05UQOaUII0lp+zOzLLU4Xqh/JvTqklB1T4uELaaPBKyjE1r4fQ=="],

    "zod": ["zod@3.25.76", "", {}, "sha512-gzUt/qt81nXsFGKIFcC3YnfEAx5NkunCfnDlvuBSSFS02bcXu4Lmea0AFIUwbLWxWPx3d9p8S5QoaujKcNQxcQ=="],
  }
}
