lockfileVersion: '9.0'

settings:
  autoInstallPeers: true
  excludeLinksFromLockfile: false

importers:

  .:
    dependencies:
      '@xmtp/node-sdk':
        specifier: ^2.1.0
        version: 2.2.1
      common-tags:
        specifier: ^1.8.2
        version: 1.8.2
      dotenv:
        specifier: ^17.0.1
        version: 17.0.1
      onit-markets:
        specifier: ^0.1.5
        version: 0.1.5(zod@3.25.71)
      superjson:
        specifier: ^2.2.2
        version: 2.2.2
      typescript:
        specifier: ^5
        version: 5.8.3
      viem:
        specifier: ^2.30.6
        version: 2.31.6(typescript@5.8.3)(zod@3.25.71)
      wretch:
        specifier: ^2.11.0
        version: 2.11.0
      zod:
        specifier: ^3.25.55
        version: 3.25.71
    devDependencies:
      '@types/bun':
        specifier: latest
        version: 1.2.17
      '@types/common-tags':
        specifier: ^1.8.4
        version: 1.8.4

packages:

  '@adraffy/ens-normalize@1.11.0':
    resolution: {integrity: sha512-/3DDPKHqqIqxUULp8yP4zODUY1i+2xvVWsv8A79xGWdCAG+8sb0hRh0Rk2QyOJUnnbyPUAZYcpBuRe3nS2OIUg==}

  '@fastify/busboy@2.1.1':
    resolution: {integrity: sha512-vBZP4NlzfOlerQTnba4aqZoMhE/a9HY7HRqoOPaETQcSQuWEIyZMHGfVu6w9wGtGK5fED5qRs2DteVCjOH60sA==}
    engines: {node: '>=14'}

  '@hono/client@0.0.3':
    resolution: {integrity: sha512-1TrYdppLelv39uCqevePjKUeyf4AoKYWQ+/qfNtRzY8OPBur78XA1Gtv3Pi08uXT6GOuQN5fi3IFUwMsxnEhcQ==}
    engines: {node: '>=18'}
    deprecated: The client feature has been integrated into the Hono core. Please use hono/client instead.

  '@noble/ciphers@1.3.0':
    resolution: {integrity: sha512-2I0gnIVPtfnMw9ee9h1dJG7tp81+8Ob3OJb3Mv37rx5L40/b0i7djjCVvGOVqc9AEIQyvyu1i6ypKdFw8R8gQw==}
    engines: {node: ^14.21.3 || >=16}

  '@noble/curves@1.9.2':
    resolution: {integrity: sha512-HxngEd2XUcg9xi20JkwlLCtYwfoFw4JGkuZpT+WlsPD4gB/cxkvTD8fSsoAnphGZhFdZYKeQIPCuFlWPm1uE0g==}
    engines: {node: ^14.21.3 || >=16}

  '@noble/hashes@1.8.0':
    resolution: {integrity: sha512-jCs9ldd7NwzpgXDIf6P3+NrHh9/sD6CQdxHyjQI+h/6rDNo88ypBxxz45UDuZHz9r3tNz7N/VInSVoVdtXEI4A==}
    engines: {node: ^14.21.3 || >=16}

  '@protobufjs/aspromise@1.1.2':
    resolution: {integrity: sha512-j+gKExEuLmKwvz3OgROXtrJ2UG2x8Ch2YZUxahh+s1F2HZ+wAceUNLkvy6zKCPVRkU++ZWQrdxsUeQXmcg4uoQ==}

  '@protobufjs/base64@1.1.2':
    resolution: {integrity: sha512-AZkcAA5vnN/v4PDqKyMR5lx7hZttPDgClv83E//FMNhR2TMcLUhfRUBHCmSl0oi9zMgDDqRUJkSxO3wm85+XLg==}

  '@protobufjs/codegen@2.0.4':
    resolution: {integrity: sha512-YyFaikqM5sH0ziFZCN3xDC7zeGaB/d0IUb9CATugHWbd1FRFwWwt4ld4OYMPWu5a3Xe01mGAULCdqhMlPl29Jg==}

  '@protobufjs/eventemitter@1.1.0':
    resolution: {integrity: sha512-j9ednRT81vYJ9OfVuXG6ERSTdEL1xVsNgqpkxMsbIabzSo3goCjDIveeGv5d03om39ML71RdmrGNjG5SReBP/Q==}

  '@protobufjs/fetch@1.1.0':
    resolution: {integrity: sha512-lljVXpqXebpsijW71PZaCYeIcE5on1w5DlQy5WH6GLbFryLUrBD4932W/E2BSpfRJWseIL4v/KPgBFxDOIdKpQ==}

  '@protobufjs/float@1.0.2':
    resolution: {integrity: sha512-Ddb+kVXlXst9d+R9PfTIxh1EdNkgoRe5tOX6t01f1lYWOvJnSPDBlG241QLzcyPdoNTsblLUdujGSE4RzrTZGQ==}

  '@protobufjs/inquire@1.1.0':
    resolution: {integrity: sha512-kdSefcPdruJiFMVSbn801t4vFK7KB/5gd2fYvrxhuJYg8ILrmn9SKSX2tZdV6V+ksulWqS7aXjBcRXl3wHoD9Q==}

  '@protobufjs/path@1.1.2':
    resolution: {integrity: sha512-6JOcJ5Tm08dOHAbdR3GrvP+yUUfkjG5ePsHYczMFLq3ZmMkAD98cDgcT2iA1lJ9NVwFd4tH/iSSoe44YWkltEA==}

  '@protobufjs/pool@1.1.0':
    resolution: {integrity: sha512-0kELaGSIDBKvcgS4zkjz1PeddatrjYcmMWOlAuAPwAeccUrPHdUqo/J6LiymHHEiJT5NrF1UVwxY14f+fy4WQw==}

  '@protobufjs/utf8@1.1.0':
    resolution: {integrity: sha512-Vvn3zZrhQZkkBE8LSuW3em98c0FwgO4nxzv6OdSxPKJIEKY2bGbHn+mhGIPerzI4twdxaP8/0+06HBpwf345Lw==}

  '@scure/base@1.2.6':
    resolution: {integrity: sha512-g/nm5FgUa//MCj1gV09zTJTaM6KBAHqLN907YVQqf7zC49+DcO4B1so4ZX07Ef10Twr6nuqYEH9GEggFXA4Fmg==}

  '@scure/bip32@1.7.0':
    resolution: {integrity: sha512-E4FFX/N3f4B80AKWp5dP6ow+flD1LQZo/w8UnLGYZO674jS6YnYeepycOOksv+vLPSpgN35wgKgy+ybfTb2SMw==}

  '@scure/bip39@1.6.0':
    resolution: {integrity: sha512-+lF0BbLiJNwVlev4eKelw1WWLaiKXw7sSl8T6FvBlWkdX+94aGJ4o8XjUdlyhTCjd8c+B3KT3JfS8P0bLRNU6A==}

  '@types/bun@1.2.17':
    resolution: {integrity: sha512-l/BYs/JYt+cXA/0+wUhulYJB6a6p//GTPiJ7nV+QHa8iiId4HZmnu/3J/SowP5g0rTiERY2kfGKXEK5Ehltx4Q==}

  '@types/common-tags@1.8.4':
    resolution: {integrity: sha512-S+1hLDJPjWNDhcGxsxEbepzaxWqURP/o+3cP4aa2w7yBXgdcmKGQtZzP8JbyfOd0m+33nh+8+kvxYE2UJtBDkg==}

  '@types/node@24.0.10':
    resolution: {integrity: sha512-ENHwaH+JIRTDIEEbDK6QSQntAYGtbvdDXnMXnZaZ6k13Du1dPMmprkEHIL7ok2Wl2aZevetwTAb5S+7yIF+enA==}

  '@xmtp/content-type-group-updated@2.0.2':
    resolution: {integrity: sha512-ZUGLtzWALo5jimk5hYBVXjbdaKT6zP6a9wK0Urzl9H+Xv2w+H3fYDhwAidU0PXTcLL81qlUM6joxKVlsF5udvA==}

  '@xmtp/content-type-primitives@2.0.2':
    resolution: {integrity: sha512-OTUsCD48sO2Eg69dfre32OSnXSkmefbSZA4L0S58LqYK6+hMymFRRjEH4fvPzXc9WCw5FmCYEG7DFAaB680HiQ==}

  '@xmtp/content-type-text@2.0.2':
    resolution: {integrity: sha512-nlRufOYPrG5sNbruNPCsb6Qk9/jmJ5lMooPsZEo4Dbwda/2S4bSvrrIncT6if7M2SCha3hxtlgJlFGeTtHy4gQ==}

  '@xmtp/node-bindings@1.2.2':
    resolution: {integrity: sha512-9FTcUhhLiR7zmRX3SjK7KC5c0DQkaoy9rYM9Jk73dgPFwLmDx5MOnEVziOYeYuw8xULlIGYu9kZ9QbRFJtByfQ==}
    engines: {node: '>=18'}

  '@xmtp/node-sdk@2.2.1':
    resolution: {integrity: sha512-4vpEcpY/xk+O0AZqva6gWv3DdWpyuforjcajwMc6UXaMahSBHBqFRGXNmTpkFejZrBBfreIYvnOM6tY++fr4bw==}
    engines: {node: '>=20'}

  '@xmtp/proto@3.83.0':
    resolution: {integrity: sha512-r7ft3rBtg7hIESH3KygjI4lXazP7ZacA1HB7z2dtm3ALuN2GEvihhGPzO8EJfzDjRIFB8CpHMZS0e8fs2NUUPw==}

  abitype@1.0.8:
    resolution: {integrity: sha512-ZeiI6h3GnW06uYDLx0etQtX/p8E24UaHHBj57RSjK7YBFe7iuVn07EDpOeP451D06sF27VOz9JJPlIKJmXgkEg==}
    peerDependencies:
      typescript: '>=5.0.4'
      zod: ^3 >=3.22.0
    peerDependenciesMeta:
      typescript:
        optional: true
      zod:
        optional: true

  bun-types@1.2.17:
    resolution: {integrity: sha512-ElC7ItwT3SCQwYZDYoAH+q6KT4Fxjl8DtZ6qDulUFBmXA8YB4xo+l54J9ZJN+k2pphfn9vk7kfubeSd5QfTVJQ==}

  common-tags@1.8.2:
    resolution: {integrity: sha512-gk/Z852D2Wtb//0I+kRFNKKE9dIIVirjoqPoA1wJU+XePVXZfGeBpk45+A1rKO4Q43prqWBNY/MiIeRLbPWUaA==}
    engines: {node: '>=4.0.0'}

  copy-anything@3.0.5:
    resolution: {integrity: sha512-yCEafptTtb4bk7GLEQoM8KVJpxAfdBJYaXyzQEgQQQgYrZiDp8SJmGKlYza6CYjEDNstAdNdKA3UuoULlEbS6w==}
    engines: {node: '>=12.13'}

  dotenv@17.0.1:
    resolution: {integrity: sha512-GLjkduuAL7IMJg/ZnOPm9AnWKJ82mSE2tzXLaJ/6hD6DhwGfZaXG77oB8qbReyiczNxnbxQKyh0OE5mXq0bAHA==}
    engines: {node: '>=12'}

  eventemitter3@5.0.1:
    resolution: {integrity: sha512-GWkBvjiSZK87ELrYOSESUYeVIc9mvLLf/nXalMOS5dYrgZq9o5OVkbZAVM06CVxYsCwH9BDZFPlQTlPA1j4ahA==}

  is-what@4.1.16:
    resolution: {integrity: sha512-ZhMwEosbFJkA0YhFnNDgTM4ZxDRsS6HqTo7qsZM08fehyRYIYa0yHu5R6mgo1n/8MgaPBXiPimPD77baVFYg+A==}
    engines: {node: '>=12.13'}

  isows@1.0.7:
    resolution: {integrity: sha512-I1fSfDCZL5P0v33sVqeTDSpcstAg/N+wF5HS033mogOVIp4B+oHC7oOCsA3axAbBSGTJ8QubbNmnIRN/h8U7hg==}
    peerDependencies:
      ws: '*'

  long@5.3.2:
    resolution: {integrity: sha512-mNAgZ1GmyNhD7AuqnTG3/VQ26o760+ZYBPKjPvugO8+nLbYfX6TVpJPseBvopbdY+qpZ/lKUnmEc1LeZYS3QAA==}

  onit-markets@0.1.5:
    resolution: {integrity: sha512-H44i60pxy4U/KdO89EpXVyfZxK6AfWqxDp/nuo/9uAbMw/AeqwX7AdqQba40ugUBTqnvhSRlq7TCNUSSmJ/WJQ==}
    hasBin: true
    peerDependencies:
      zod: '>3'

  ox@0.8.1:
    resolution: {integrity: sha512-e+z5epnzV+Zuz91YYujecW8cF01mzmrUtWotJ0oEPym/G82uccs7q0WDHTYL3eiONbTUEvcZrptAKLgTBD3u2A==}
    peerDependencies:
      typescript: '>=5.4.0'
    peerDependenciesMeta:
      typescript:
        optional: true

  protobufjs@7.5.3:
    resolution: {integrity: sha512-sildjKwVqOI2kmFDiXQ6aEB0fjYTafpEvIBs8tOR8qI4spuL9OPROLVu2qZqi/xgCfsHIwVqlaF8JBjWFHnKbw==}
    engines: {node: '>=12.0.0'}

  rxjs@7.8.2:
    resolution: {integrity: sha512-dhKf903U/PQZY6boNNtAGdWbG85WAbjT/1xYoZIC7FAY0yWapOBQVsVrDl58W86//e1VpMNBtRV4MaXfdMySFA==}

  superjson@2.2.2:
    resolution: {integrity: sha512-5JRxVqC8I8NuOUjzBbvVJAKNM8qoVuH0O77h4WInc/qC2q5IreqKxYwgkga3PfA22OayK2ikceb/B26dztPl+Q==}
    engines: {node: '>=16'}

  tslib@2.8.1:
    resolution: {integrity: sha512-oJFu94HQb+KVduSUQL7wnpmqnfmLsOA/nAh6b6EH0wCEoK0/mPeXU6c3wKDV83MkOuHPRHtSXKKU99IBazS/2w==}

  typescript@5.8.3:
    resolution: {integrity: sha512-p1diW6TqL9L07nNxvRMM7hMMw4c5XOo/1ibL4aAIGmSAt9slTE1Xgw5KWuof2uTOvCg9BY7ZRi+GaF+7sfgPeQ==}
    engines: {node: '>=14.17'}
    hasBin: true

  undici-types@7.8.0:
    resolution: {integrity: sha512-9UJ2xGDvQ43tYyVMpuHlsgApydB8ZKfVYTsLDhXkFL/6gfkp+U8xTGdh8pMJv1SpZna0zxG1DwsKZsreLbXBxw==}

  undici@5.29.0:
    resolution: {integrity: sha512-raqeBD6NQK4SkWhQzeYKd1KmIG6dllBOTt55Rmkt4HtI9mwdWtJljnrXjAFUBLTSN67HWrOIZ3EPF4kjUw80Bg==}
    engines: {node: '>=14.0'}

  viem@2.31.6:
    resolution: {integrity: sha512-2PPbXL/8bHQxUzaLFDk4R6WHifTcXxAqMC8/j6RBgXl/OexQ1HU8r9OukwfDTqrFoHtWWiYz5fktHATy7+U9nQ==}
    peerDependencies:
      typescript: '>=5.0.4'
    peerDependenciesMeta:
      typescript:
        optional: true

  wretch@2.11.0:
    resolution: {integrity: sha512-zbFW4PnPSS5RFQabHRkCAcMQjmFGrEQLcJwYe4YGXL9KWXneu03Dtaz2JUeqEkOwNDMjdfHEHPL+AIZJwE+y1g==}
    engines: {node: '>=14'}

  ws@8.18.2:
    resolution: {integrity: sha512-DMricUmwGZUVr++AEAe2uiVM7UoO9MAVZMDu05UQOaUII0lp+zOzLLU4Xqh/JvTqklB1T4uELaaPBKyjE1r4fQ==}
    engines: {node: '>=10.0.0'}
    peerDependencies:
      bufferutil: ^4.0.1
      utf-8-validate: '>=5.0.2'
    peerDependenciesMeta:
      bufferutil:
        optional: true
      utf-8-validate:
        optional: true

  zod@3.25.71:
    resolution: {integrity: sha512-BsBc/NPk7h8WsUWYWYL+BajcJPY8YhjelaWu2NMLuzgraKAz4Lb4/6K11g9jpuDetjMiqhZ6YaexFLOC0Ogi3Q==}

snapshots:

  '@adraffy/ens-normalize@1.11.0': {}

  '@fastify/busboy@2.1.1': {}

  '@hono/client@0.0.3': {}

  '@noble/ciphers@1.3.0': {}

  '@noble/curves@1.9.2':
    dependencies:
      '@noble/hashes': 1.8.0

  '@noble/hashes@1.8.0': {}

  '@protobufjs/aspromise@1.1.2': {}

  '@protobufjs/base64@1.1.2': {}

  '@protobufjs/codegen@2.0.4': {}

  '@protobufjs/eventemitter@1.1.0': {}

  '@protobufjs/fetch@1.1.0':
    dependencies:
      '@protobufjs/aspromise': 1.1.2
      '@protobufjs/inquire': 1.1.0

  '@protobufjs/float@1.0.2': {}

  '@protobufjs/inquire@1.1.0': {}

  '@protobufjs/path@1.1.2': {}

  '@protobufjs/pool@1.1.0': {}

  '@protobufjs/utf8@1.1.0': {}

  '@scure/base@1.2.6': {}

  '@scure/bip32@1.7.0':
    dependencies:
      '@noble/curves': 1.9.2
      '@noble/hashes': 1.8.0
      '@scure/base': 1.2.6

  '@scure/bip39@1.6.0':
    dependencies:
      '@noble/hashes': 1.8.0
      '@scure/base': 1.2.6

  '@types/bun@1.2.17':
    dependencies:
      bun-types: 1.2.17

  '@types/common-tags@1.8.4': {}

  '@types/node@24.0.10':
    dependencies:
      undici-types: 7.8.0

  '@xmtp/content-type-group-updated@2.0.2':
    dependencies:
      '@xmtp/content-type-primitives': 2.0.2
      '@xmtp/proto': 3.83.0

  '@xmtp/content-type-primitives@2.0.2':
    dependencies:
      '@xmtp/proto': 3.83.0

  '@xmtp/content-type-text@2.0.2':
    dependencies:
      '@xmtp/content-type-primitives': 2.0.2

  '@xmtp/node-bindings@1.2.2': {}

  '@xmtp/node-sdk@2.2.1':
    dependencies:
      '@xmtp/content-type-group-updated': 2.0.2
      '@xmtp/content-type-primitives': 2.0.2
      '@xmtp/content-type-text': 2.0.2
      '@xmtp/node-bindings': 1.2.2

  '@xmtp/proto@3.83.0':
    dependencies:
      long: 5.3.2
      protobufjs: 7.5.3
      rxjs: 7.8.2
      undici: 5.29.0

  abitype@1.0.8(typescript@5.8.3)(zod@3.25.71):
    optionalDependencies:
      typescript: 5.8.3
      zod: 3.25.71

  bun-types@1.2.17:
    dependencies:
      '@types/node': 24.0.10

  common-tags@1.8.2: {}

  copy-anything@3.0.5:
    dependencies:
      is-what: 4.1.16

  dotenv@17.0.1: {}

  eventemitter3@5.0.1: {}

  is-what@4.1.16: {}

  isows@1.0.7(ws@8.18.2):
    dependencies:
      ws: 8.18.2

  long@5.3.2: {}

  onit-markets@0.1.5(zod@3.25.71):
    dependencies:
      '@hono/client': 0.0.3
      superjson: 2.2.2
      zod: 3.25.71

  ox@0.8.1(typescript@5.8.3)(zod@3.25.71):
    dependencies:
      '@adraffy/ens-normalize': 1.11.0
      '@noble/ciphers': 1.3.0
      '@noble/curves': 1.9.2
      '@noble/hashes': 1.8.0
      '@scure/bip32': 1.7.0
      '@scure/bip39': 1.6.0
      abitype: 1.0.8(typescript@5.8.3)(zod@3.25.71)
      eventemitter3: 5.0.1
    optionalDependencies:
      typescript: 5.8.3
    transitivePeerDependencies:
      - zod

  protobufjs@7.5.3:
    dependencies:
      '@protobufjs/aspromise': 1.1.2
      '@protobufjs/base64': 1.1.2
      '@protobufjs/codegen': 2.0.4
      '@protobufjs/eventemitter': 1.1.0
      '@protobufjs/fetch': 1.1.0
      '@protobufjs/float': 1.0.2
      '@protobufjs/inquire': 1.1.0
      '@protobufjs/path': 1.1.2
      '@protobufjs/pool': 1.1.0
      '@protobufjs/utf8': 1.1.0
      '@types/node': 24.0.10
      long: 5.3.2

  rxjs@7.8.2:
    dependencies:
      tslib: 2.8.1

  superjson@2.2.2:
    dependencies:
      copy-anything: 3.0.5

  tslib@2.8.1: {}

  typescript@5.8.3: {}

  undici-types@7.8.0: {}

  undici@5.29.0:
    dependencies:
      '@fastify/busboy': 2.1.1

  viem@2.31.6(typescript@5.8.3)(zod@3.25.71):
    dependencies:
      '@noble/curves': 1.9.2
      '@noble/hashes': 1.8.0
      '@scure/bip32': 1.7.0
      '@scure/bip39': 1.6.0
      abitype: 1.0.8(typescript@5.8.3)(zod@3.25.71)
      isows: 1.0.7(ws@8.18.2)
      ox: 0.8.1(typescript@5.8.3)(zod@3.25.71)
      ws: 8.18.2
    optionalDependencies:
      typescript: 5.8.3
    transitivePeerDependencies:
      - bufferutil
      - utf-8-validate
      - zod

  wretch@2.11.0: {}

  ws@8.18.2: {}

  zod@3.25.71: {}
